// !$*UTF8*$!
{
	archiveVersion = 1;
	classes = {
	};
	objectVersion = 50;
	objects = {

/* Begin PBXBuildFile section */
		7D85921924A4744000D10FEB /* AppDelegate.swift in Sources */ = {isa = PBXBuildFile; fileRef = 7D85921824A4744000D10FEB /* AppDelegate.swift */; };
		7D85921B24A4744000D10FEB /* SceneDelegate.swift in Sources */ = {isa = PBXBuildFile; fileRef = 7D85921A24A4744000D10FEB /* SceneDelegate.swift */; };
		7D85921D24A4744000D10FEB /* ContentView.swift in Sources */ = {isa = PBXBuildFile; fileRef = 7D85921C24A4744000D10FEB /* ContentView.swift */; };
		7D85921F24A4744400D10FEB /* Assets.xcassets in Resources */ = {isa = PBXBuildFile; fileRef = 7D85921E24A4744400D10FEB /* Assets.xcassets */; };
		7D85922224A4744400D10FEB /* Preview Assets.xcassets in Resources */ = {isa = PBXBuildFile; fileRef = 7D85922124A4744400D10FEB /* Preview Assets.xcassets */; };
		7D85922524A4744400D10FEB /* LaunchScreen.storyboard in Resources */ = {isa = PBXBuildFile; fileRef = 7D85922324A4744400D10FEB /* LaunchScreen.storyboard */; };
		7D85923024A4744400D10FEB /* SwiftUICalculatorUITests.swift in Sources */ = {isa = PBXBuildFile; fileRef = 7D85922F24A4744400D10FEB /* SwiftUICalculatorUITests.swift */; };
		7D85923B24A4C52D00D10FEB /* CalculatorButtonEnum.swift in Sources */ = {isa = PBXBuildFile; fileRef = 7D85923A24A4C52C00D10FEB /* CalculatorButtonEnum.swift */; };
/* End PBXBuildFile section */

/* Begin PBXContainerItemProxy section */
		7D85922C24A4744400D10FEB /* PBXContainerItemProxy */ = {
			isa = PBXContainerItemProxy;
			containerPortal = 7D85920D24A4744000D10FEB /* Project object */;
			proxyType = 1;
			remoteGlobalIDString = 7D85921424A4744000D10FEB;
			remoteInfo = SwiftUICalculator;
		};
/* End PBXContainerItemProxy section */

/* Begin PBXFileReference section */
		7D85921524A4744000D10FEB /* SwiftUICalculator.app */ = {isa = PBXFileReference; explicitFileType = wrapper.application; includeInIndex = 0; path = SwiftUICalculator.app; sourceTree = BUILT_PRODUCTS_DIR; };
		7D85921824A4744000D10FEB /* AppDelegate.swift */ = {isa = PBXFileReference; lastKnownFileType = sourcecode.swift; path = AppDelegate.swift; sourceTree = "<group>"; };
		7D85921A24A4744000D10FEB /* SceneDelegate.swift */ = {isa = PBXFileReference; lastKnownFileType = sourcecode.swift; path = SceneDelegate.swift; sourceTree = "<group>"; };
		7D85921C24A4744000D10FEB /* ContentView.swift */ = {isa = PBXFileReference; lastKnownFileType = sourcecode.swift; path = ContentView.swift; sourceTree = "<group>"; };
		7D85921E24A4744400D10FEB /* Assets.xcassets */ = {isa = PBXFileReference; lastKnownFileType = folder.assetcatalog; path = Assets.xcassets; sourceTree = "<group>"; };
		7D85922124A4744400D10FEB /* Preview Assets.xcassets */ = {isa = PBXFileReference; lastKnownFileType = folder.assetcatalog; path = "Preview Assets.xcassets"; sourceTree = "<group>"; };
		7D85922424A4744400D10FEB /* Base */ = {isa = PBXFileReference; lastKnownFileType = file.storyboard; name = Base; path = Base.lproj/LaunchScreen.storyboard; sourceTree = "<group>"; };
		7D85922624A4744400D10FEB /* Info.plist */ = {isa = PBXFileReference; lastKnownFileType = text.plist.xml; path = Info.plist; sourceTree = "<group>"; };
		7D85922B24A4744400D10FEB /* SwiftUICalculatorUITests.xctest */ = {isa = PBXFileReference; explicitFileType = wrapper.cfbundle; includeInIndex = 0; path = SwiftUICalculatorUITests.xctest; sourceTree = BUILT_PRODUCTS_DIR; };
		7D85922F24A4744400D10FEB /* SwiftUICalculatorUITests.swift */ = {isa = PBXFileReference; lastKnownFileType = sourcecode.swift; path = SwiftUICalculatorUITests.swift; sourceTree = "<group>"; };
		7D85923124A4744400D10FEB /* Info.plist */ = {isa = PBXFileReference; lastKnownFileType = text.plist.xml; path = Info.plist; sourceTree = "<group>"; };
		7D85923A24A4C52C00D10FEB /* CalculatorButtonEnum.swift */ = {isa = PBXFileReference; lastKnownFileType = sourcecode.swift; path = CalculatorButtonEnum.swift; sourceTree = "<group>"; };
/* End PBXFileReference section */

/* Begin PBXFrameworksBuildPhase section */
		7D85921224A4744000D10FEB /* Frameworks */ = {
			isa = PBXFrameworksBuildPhase;
			buildActionMask = 2147483647;
			files = (
			);
			runOnlyForDeploymentPostprocessing = 0;
		};
		7D85922824A4744400D10FEB /* Frameworks */ = {
			isa = PBXFrameworksBuildPhase;
			buildActionMask = 2147483647;
			files = (
			);
			runOnlyForDeploymentPostprocessing = 0;
		};
/* End PBXFrameworksBuildPhase section */

/* Begin PBXGroup section */
		7D85920C24A4744000D10FEB = {
			isa = PBXGroup;
			children = (
				7D85921724A4744000D10FEB /* SwiftUICalculator */,
				7D85922E24A4744400D10FEB /* SwiftUICalculatorUITests */,
				7D85921624A4744000D10FEB /* Products */,
			);
			sourceTree = "<group>";
		};
		7D85921624A4744000D10FEB /* Products */ = {
			isa = PBXGroup;
			children = (
				7D85921524A4744000D10FEB /* SwiftUICalculator.app */,
				7D85922B24A4744400D10FEB /* SwiftUICalculatorUITests.xctest */,
			);
			name = Products;
			sourceTree = "<group>";
		};
		7D85921724A4744000D10FEB /* SwiftUICalculator */ = {
			isa = PBXGroup;
			children = (
				7D85921824A4744000D10FEB /* AppDelegate.swift */,
				7D85921A24A4744000D10FEB /* SceneDelegate.swift */,
				7D85921C24A4744000D10FEB /* ContentView.swift */,
				7D85923A24A4C52C00D10FEB /* CalculatorButtonEnum.swift */,
				7D85921E24A4744400D10FEB /* Assets.xcassets */,
				7D85922324A4744400D10FEB /* LaunchScreen.storyboard */,
				7D85922624A4744400D10FEB /* Info.plist */,
				7D85922024A4744400D10FEB /* Preview Content */,
			);
			path = SwiftUICalculator;
			sourceTree = "<group>";
		};
		7D85922024A4744400D10FEB /* Preview Content */ = {
			isa = PBXGroup;
			children = (
				7D85922124A4744400D10FEB /* Preview Assets.xcassets */,
			);
			path = "Preview Content";
			sourceTree = "<group>";
		};
		7D85922E24A4744400D10FEB /* SwiftUICalculatorUITests */ = {
			isa = PBXGroup;
			children = (
				7D85922F24A4744400D10FEB /* SwiftUICalculatorUITests.swift */,
				7D85923124A4744400D10FEB /* Info.plist */,
			);
			path = SwiftUICalculatorUITests;
			sourceTree = "<group>";
		};
/* End PBXGroup section */

/* Begin PBXNativeTarget section */
		7D85921424A4744000D10FEB /* SwiftUICalculator */ = {
			isa = PBXNativeTarget;
			buildConfigurationList = 7D85923424A4744400D10FEB /* Build configuration list for PBXNativeTarget "SwiftUICalculator" */;
			buildPhases = (
				7D85921124A4744000D10FEB /* Sources */,
				7D85921224A4744000D10FEB /* Frameworks */,
				7D85921324A4744000D10FEB /* Resources */,
			);
			buildRules = (
			);
			dependencies = (
			);
			name = SwiftUICalculator;
			productName = SwiftUICalculator;
			productReference = 7D85921524A4744000D10FEB /* SwiftUICalculator.app */;
			productType = "com.apple.product-type.application";
		};
		7D85922A24A4744400D10FEB /* SwiftUICalculatorUITests */ = {
			isa = PBXNativeTarget;
			buildConfigurationList = 7D85923724A4744400D10FEB /* Build configuration list for PBXNativeTarget "SwiftUICalculatorUITests" */;
			buildPhases = (
				7D85922724A4744400D10FEB /* Sources */,
				7D85922824A4744400D10FEB /* Frameworks */,
				7D85922924A4744400D10FEB /* Resources */,
			);
			buildRules = (
			);
			dependencies = (
				7D85922D24A4744400D10FEB /* PBXTargetDependency */,
			);
			name = SwiftUICalculatorUITests;
			productName = SwiftUICalculatorUITests;
			productReference = 7D85922B24A4744400D10FEB /* SwiftUICalculatorUITests.xctest */;
			productType = "com.apple.product-type.bundle.ui-testing";
		};
/* End PBXNativeTarget section */

/* Begin PBXProject section */
		7D85920D24A4744000D10FEB /* Project object */ = {
			isa = PBXProject;
			attributes = {
				LastSwiftUpdateCheck = 1150;
				LastUpgradeCheck = 1150;
				ORGANIZATIONNAME = "Jamie Chen";
				TargetAttributes = {
					7D85921424A4744000D10FEB = {
						CreatedOnToolsVersion = 11.5;
					};
					7D85922A24A4744400D10FEB = {
						CreatedOnToolsVersion = 11.5;
						TestTargetID = 7D85921424A4744000D10FEB;
					};
				};
			};
			buildConfigurationList = 7D85921024A4744000D10FEB /* Build configuration list for PBXProject "SwiftUICalculator" */;
			compatibilityVersion = "Xcode 9.3";
			developmentRegion = en;
			hasScannedForEncodings = 0;
			knownRegions = (
				en,
				Base,
			);
			mainGroup = 7D85920C24A4744000D10FEB;
			productRefGroup = 7D85921624A4744000D10FEB /* Products */;
			projectDirPath = "";
			projectRoot = "";
			targets = (
				7D85921424A4744000D10FEB /* SwiftUICalculator */,
				7D85922A24A4744400D10FEB /* SwiftUICalculatorUITests */,
			);
		};
/* End PBXProject section */

/* Begin PBXResourcesBuildPhase section */
		7D85921324A4744000D10FEB /* Resources */ = {
			isa = PBXResourcesBuildPhase;
			buildActionMask = 2147483647;
			files = (
				7D85922524A4744400D10FEB /* LaunchScreen.storyboard in Resources */,
				7D85922224A4744400D10FEB /* Preview Assets.xcassets in Resources */,
				7D85921F24A4744400D10FEB /* Assets.xcassets in Resources */,
			);
			runOnlyForDeploymentPostprocessing = 0;
		};
		7D85922924A4744400D10FEB /* Resources */ = {
			isa = PBXResourcesBuildPhase;
			buildActionMask = 2147483647;
			files = (
			);
			runOnlyForDeploymentPostprocessing = 0;
		};
/* End PBXResourcesBuildPhase section */

/* Begin PBXSourcesBuildPhase section */
		7D85921124A4744000D10FEB /* Sources */ = {
			isa = PBXSourcesBuildPhase;
			buildActionMask = 2147483647;
			files = (
				7D85923B24A4C52D00D10FEB /* CalculatorButtonEnum.swift in Sources */,
				7D85921924A4744000D10FEB /* AppDelegate.swift in Sources */,
				7D85921B24A4744000D10FEB /* SceneDelegate.swift in Sources */,
				7D85921D24A4744000D10FEB /* ContentView.swift in Sources */,
			);
			runOnlyForDeploymentPostprocessing = 0;
		};
		7D85922724A4744400D10FEB /* Sources */ = {
			isa = PBXSourcesBuildPhase;
			buildActionMask = 2147483647;
			files = (
				7D85923024A4744400D10FEB /* SwiftUICalculatorUITests.swift in Sources */,
			);
			runOnlyForDeploymentPostprocessing = 0;
		};
/* End PBXSourcesBuildPhase section */

/* Begin PBXTargetDependency section */
		7D85922D24A4744400D10FEB /* PBXTargetDependency */ = {
			isa = PBXTargetDependency;
			target = 7D85921424A4744000D10FEB /* SwiftUICalculator */;
			targetProxy = 7D85922C24A4744400D10FEB /* PBXContainerItemProxy */;
		};
/* End PBXTargetDependency section */

/* Begin PBXVariantGroup section */
		7D85922324A4744400D10FEB /* LaunchScreen.storyboard */ = {
			isa = PBXVariantGroup;
			children = (
				7D85922424A4744400D10FEB /* Base */,
			);
			name = LaunchScreen.storyboard;
			sourceTree = "<group>";
		};
/* End PBXVariantGroup section */

/* Begin XCBuildConfiguration section */
		7D85923224A4744400D10FEB /* Debug */ = {
			isa = XCBuildConfiguration;
			buildSettings = {
				ALWAYS_SEARCH_USER_PATHS = NO;
				CLANG_ANALYZER_NONNULL = YES;
				CLANG_ANALYZER_NUMBER_OBJECT_CONVERSION = YES_AGGRESSIVE;
				CLANG_CXX_LANGUAGE_STANDARD = "gnu++14";
				CLANG_CXX_LIBRARY = "libc++";
				CLANG_ENABLE_MODULES = YES;
				CLANG_ENABLE_OBJC_ARC = YES;
				CLANG_ENABLE_OBJC_WEAK = YES;
				CLANG_WARN_BLOCK_CAPTURE_AUTORELEASING = YES;
				CLANG_WARN_BOOL_CONVERSION = YES;
				CLANG_WARN_COMMA = YES;
				CLANG_WARN_CONSTANT_CONVERSION = YES;
				CLANG_WARN_DEPRECATED_OBJC_IMPLEMENTATIONS = YES;
				CLANG_WARN_DIRECT_OBJC_ISA_USAGE = YES_ERROR;
				CLANG_WARN_DOCUMENTATION_COMMENTS = YES;
				CLANG_WARN_EMPTY_BODY = YES;
				CLANG_WARN_ENUM_CONVERSION = YES;
				CLANG_WARN_INFINITE_RECURSION = YES;
				CLANG_WARN_INT_CONVERSION = YES;
				CLANG_WARN_NON_LITERAL_NULL_CONVERSION = YES;
				CLANG_WARN_OBJC_IMPLICIT_RETAIN_SELF = YES;
				CLANG_WARN_OBJC_LITERAL_CONVERSION = YES;
				CLANG_WARN_OBJC_ROOT_CLASS = YES_ERROR;
				CLANG_WARN_RANGE_LOOP_ANALYSIS = YES;
				CLANG_WARN_STRICT_PROTOTYPES = YES;
				CLANG_WARN_SUSPICIOUS_MOVE = YES;
				CLANG_WARN_UNGUARDED_AVAILABILITY = YES_AGGRESSIVE;
				CLANG_WARN_UNREACHABLE_CODE = YES;
				CLANG_WARN__DUPLICATE_METHOD_MATCH = YES;
				COPY_PHASE_STRIP = NO;
				DEBUG_INFORMATION_FORMAT = dwarf;
				ENABLE_STRICT_OBJC_MSGSEND = YES;
				ENABLE_TESTABILITY = YES;
				GCC_C_LANGUAGE_STANDARD = gnu11;
				GCC_DYNAMIC_NO_PIC = NO;
				GCC_NO_COMMON_BLOCKS = YES;
				GCC_OPTIMIZATION_LEVEL = 0;
				GCC_PREPROCESSOR_DEFINITIONS = (
					"DEBUG=1",
					"$(inherited)",
				);
				GCC_WARN_64_TO_32_BIT_CONVERSION = YES;
				GCC_WARN_ABOUT_RETURN_TYPE = YES_ERROR;
				GCC_WARN_UNDECLARED_SELECTOR = YES;
				GCC_WARN_UNINITIALIZED_AUTOS = YES_AGGRESSIVE;
				GCC_WARN_UNUSED_FUNCTION = YES;
				GCC_WARN_UNUSED_VARIABLE = YES;
				IPHONEOS_DEPLOYMENT_TARGET = 13.5;
				MTL_ENABLE_DEBUG_INFO = INCLUDE_SOURCE;
				MTL_FAST_MATH = YES;
				ONLY_ACTIVE_ARCH = YES;
				SDKROOT = iphoneos;
				SWIFT_ACTIVE_COMPILATION_CONDITIONS = DEBUG;
				SWIFT_OPTIMIZATION_LEVEL = "-Onone";
			};
			name = Debug;
		};
		7D85923324A4744400D10FEB /* Release */ = {
			isa = XCBuildConfiguration;
			buildSettings = {
				ALWAYS_SEARCH_USER_PATHS = NO;
				CLANG_ANALYZER_NONNULL = YES;
				CLANG_ANALYZER_NUMBER_OBJECT_CONVERSION = YES_AGGRESSIVE;
				CLANG_CXX_LANGUAGE_STANDARD = "gnu++14";
				CLANG_CXX_LIBRARY = "libc++";
				CLANG_ENABLE_MODULES = YES;
				CLANG_ENABLE_OBJC_ARC = YES;
				CLANG_ENABLE_OBJC_WEAK = YES;
				CLANG_WARN_BLOCK_CAPTURE_AUTORELEASING = YES;
				CLANG_WARN_BOOL_CONVERSION = YES;
				CLANG_WARN_COMMA = YES;
				CLANG_WARN_CONSTANT_CONVERSION = YES;
				CLANG_WARN_DEPRECATED_OBJC_IMPLEMENTATIONS = YES;
				CLANG_WARN_DIRECT_OBJC_ISA_USAGE = YES_ERROR;
				CLANG_WARN_DOCUMENTATION_COMMENTS = YES;
				CLANG_WARN_EMPTY_BODY = YES;
				CLANG_WARN_ENUM_CONVERSION = YES;
				CLANG_WARN_INFINITE_RECURSION = YES;
				CLANG_WARN_INT_CONVERSION = YES;
				CLANG_WARN_NON_LITERAL_NULL_CONVERSION = YES;
				CLANG_WARN_OBJC_IMPLICIT_RETAIN_SELF = YES;
				CLANG_WARN_OBJC_LITERAL_CONVERSION = YES;
				CLANG_WARN_OBJC_ROOT_CLASS = YES_ERROR;
				CLANG_WARN_RANGE_LOOP_ANALYSIS = YES;
				CLANG_WARN_STRICT_PROTOTYPES = YES;
				CLANG_WARN_SUSPICIOUS_MOVE = YES;
				CLANG_WARN_UNGUARDED_AVAILABILITY = YES_AGGRESSIVE;
				CLANG_WARN_UNREACHABLE_CODE = YES;
				CLANG_WARN__DUPLICATE_METHOD_MATCH = YES;
				COPY_PHASE_STRIP = NO;
				DEBUG_INFORMATION_FORMAT = "dwarf-with-dsym";
				ENABLE_NS_ASSERTIONS = NO;
				ENABLE_STRICT_OBJC_MSGSEND = YES;
				GCC_C_LANGUAGE_STANDARD = gnu11;
				GCC_NO_COMMON_BLOCKS = YES;
				GCC_WARN_64_TO_32_BIT_CONVERSION = YES;
				GCC_WARN_ABOUT_RETURN_TYPE = YES_ERROR;
				GCC_WARN_UNDECLARED_SELECTOR = YES;
				GCC_WARN_UNINITIALIZED_AUTOS = YES_AGGRESSIVE;
				GCC_WARN_UNUSED_FUNCTION = YES;
				GCC_WARN_UNUSED_VARIABLE = YES;
				IPHONEOS_DEPLOYMENT_TARGET = 13.5;
				MTL_ENABLE_DEBUG_INFO = NO;
				MTL_FAST_MATH = YES;
				SDKROOT = iphoneos;
				SWIFT_COMPILATION_MODE = wholemodule;
				SWIFT_OPTIMIZATION_LEVEL = "-O";
				VALIDATE_PRODUCT = YES;
			};
			name = Release;
		};
		7D85923524A4744400D10FEB /* Debug */ = {
			isa = XCBuildConfiguration;
			buildSettings = {
				ASSETCATALOG_COMPILER_APPICON_NAME = AppIcon;
				CODE_SIGN_STYLE = Automatic;
				DEVELOPMENT_ASSET_PATHS = "\"SwiftUICalculator/Preview Content\"";
				DEVELOPMENT_TEAM = ZW83M3BS7W;
				ENABLE_PREVIEWS = YES;
				INFOPLIST_FILE = SwiftUICalculator/Info.plist;
				LD_RUNPATH_SEARCH_PATHS = (
					"$(inherited)",
					"@executable_path/Frameworks",
				);
				PRODUCT_BUNDLE_IDENTIFIER = medium.codeCase.SwiftUICalculator;
				PRODUCT_NAME = "$(TARGET_NAME)";
				SWIFT_VERSION = 5.0;
				TARGETED_DEVICE_FAMILY = "1,2";
			};
			name = Debug;
		};
		7D85923624A4744400D10FEB /* Release */ = {
			isa = XCBuildConfiguration;
			buildSettings = {
				ASSETCATALOG_COMPILER_APPICON_NAME = AppIcon;
				CODE_SIGN_STYLE = Automatic;
				DEVELOPMENT_ASSET_PATHS = "\"SwiftUICalculator/Preview Content\"";
				DEVELOPMENT_TEAM = ZW83M3BS7W;
				ENABLE_PREVIEWS = YES;
				INFOPLIST_FILE = SwiftUICalculator/Info.plist;
				LD_RUNPATH_SEARCH_PATHS = (
					"$(inherited)",
					"@executable_path/Frameworks",
				);
				PRODUCT_BUNDLE_IDENTIFIER = medium.codeCase.SwiftUICalculator;
				PRODUCT_NAME = "$(TARGET_NAME)";
				SWIFT_VERSION = 5.0;
				TARGETED_DEVICE_FAMILY = "1,2";
			};
			name = Release;
		};
		7D85923824A4744400D10FEB /* Debug */ = {
			isa = XCBuildConfiguration;
			buildSettings = {
				ALWAYS_EMBED_SWIFT_STANDARD_LIBRARIES = YES;
				CODE_SIGN_STYLE = Automatic;
				DEVELOPMENT_TEAM = ZW83M3BS7W;
				INFOPLIST_FILE = SwiftUICalculatorUITests/Info.plist;
				LD_RUNPATH_SEARCH_PATHS = (
					"$(inherited)",
					"@executable_path/Frameworks",
					"@loader_path/Frameworks",
				);
				PRODUCT_BUNDLE_IDENTIFIER = medium.codeCase.SwiftUICalculatorUITests;
				PRODUCT_NAME = "$(TARGET_NAME)";
				SWIFT_VERSION = 5.0;
				TARGETED_DEVICE_FAMILY = "1,2";
				TEST_TARGET_NAME = SwiftUICalculator;
			};
			name = Debug;
		};
		7D85923924A4744400D10FEB /* Release */ = {
			isa = XCBuildConfiguration;
			buildSettings = {
				ALWAYS_EMBED_SWIFT_STANDARD_LIBRARIES = YES;
				CODE_SIGN_STYLE = Automatic;
				DEVELOPMENT_TEAM = ZW83M3BS7W;
				INFOPLIST_FILE = SwiftUICalculatorUITests/Info.plist;
				LD_RUNPATH_SEARCH_PATHS = (
					"$(inherited)",
					"@executable_path/Frameworks",
					"@loader_path/Frameworks",
				);
				PRODUCT_BUNDLE_IDENTIFIER = medium.codeCase.SwiftUICalculatorUITests;
				PRODUCT_NAME = "$(TARGET_NAME)";
				SWIFT_VERSION = 5.0;
				TARGETED_DEVICE_FAMILY = "1,2";
				TEST_TARGET_NAME = SwiftUICalculator;
			};
			name = Release;
		};
/* End XCBuildConfiguration section */

/* Begin XCConfigurationList section */
		7D85921024A4744000D10FEB /* Build configuration list for PBXProject "SwiftUICalculator" */ = {
			isa = XCConfigurationList;
			buildConfigurations = (
				7D85923224A4744400D10FEB /* Debug */,
				7D85923324A4744400D10FEB /* Release */,
			);
			defaultConfigurationIsVisible = 0;
			defaultConfigurationName = Release;
		};
		7D85923424A4744400D10FEB /* Build configuration list for PBXNativeTarget "SwiftUICalculator" */ = {
			isa = XCConfigurationList;
			buildConfigurations = (
				7D85923524A4744400D10FEB /* Debug */,
				7D85923624A4744400D10FEB /* Release */,
			);
			defaultConfigurationIsVisible = 0;
			defaultConfigurationName = Release;
		};
		7D85923724A4744400D10FEB /* Build configuration list for PBXNativeTarget "SwiftUICalculatorUITests" */ = {
			isa = XCConfigurationList;
			buildConfigurations = (
				7D85923824A4744400D10FEB /* Debug */,
				7D85923924A4744400D10FEB /* Release */,
			);
			defaultConfigurationIsVisible = 0;
			defaultConfigurationName = Release;
		};
/* End XCConfigurationList section */
	};
	rootObject = 7D85920D24A4744000D10FEB /* Project object */;
}
